
Microsoft Visual Studio Solution File, Format Version 12.00
# Visual Studio Version 16
VisualStudioVersion = 16.0.32126.315
MinimumVisualStudioVersion = 10.0.40219.1
Project("{9A19103F-16F7-4668-BE54-9A1E7A4F7556}") = "WebPx.AdminLTE.AspNetCore", "WebPx.AdminLTE.AspNetCore\WebPx.AdminLTE.AspNetCore.csproj", "{9D27F60F-85A2-4CC2-801D-17E6C6D4DBCD}"
EndProject
Project("{9A19103F-16F7-4668-BE54-9A1E7A4F7556}") = "WebPx.AdminLTE.AspNetCore.Template", "WebPx.AdminLTE.AspNetCore.Template\WebPx.AdminLTE.AspNetCore.Template.csproj", "{7FA86CC3-6B89-41A7-8B62-11A407B0B829}"
EndProject
Project("{FAE04EC0-301F-11D3-BF4B-00C04F79EFBC}") = "WebPx.AdminLTE.AspNetCore.MVC.Template", "WebPx.AdminLTE.AspNetCore.MVC.Template\WebPx.AdminLTE.AspNetCore.MVC.Template.csproj", "{04C7C3F4-06BA-4D2C-903D-CFFF7DCB68AE}"
EndProject
Project("{FAE04EC0-301F-11D3-BF4B-00C04F79EFBC}") = "WebPx.AdminLTE.AspNetCore.Statics.Shared", "WebPx.AdminLTE.AspNetCore.Statics.Shared\WebPx.AdminLTE.AspNetCore.Statics.Shared.csproj", "{2EFFC57A-97B1-47D9-8EA3-10E66D43AFFE}"
EndProject
Project("{FAE04EC0-301F-11D3-BF4B-00C04F79EFBC}") = "WebPx.AdminLTE.AspNetCore.Statics", "WebPx.AdminLTE.AspNetCore.Statics\WebPx.AdminLTE.AspNetCore.Statics.csproj", "{BB442E29-332C-4FDE-93D4-427B14C1F1E3}"
EndProject
Global
	GlobalSection(SolutionConfigurationPlatforms) = preSolution
		Debug|Any CPU = Debug|Any CPU
		Release|Any CPU = Release|Any CPU
	EndGlobalSection
	GlobalSection(ProjectConfigurationPlatforms) = postSolution
		{9D27F60F-85A2-4CC2-801D-17E6C6D4DBCD}.Debug|Any CPU.ActiveCfg = Debug|Any CPU
		{9D27F60F-85A2-4CC2-801D-17E6C6D4DBCD}.Debug|Any CPU.Build.0 = Debug|Any CPU
		{9D27F60F-85A2-4CC2-801D-17E6C6D4DBCD}.Release|Any CPU.ActiveCfg = Release|Any CPU
		{9D27F60F-85A2-4CC2-801D-17E6C6D4DBCD}.Release|Any CPU.Build.0 = Release|Any CPU
		{7FA86CC3-6B89-41A7-8B62-11A407B0B829}.Debug|Any CPU.ActiveCfg = Debug|Any CPU
		{7FA86CC3-6B89-41A7-8B62-11A407B0B829}.Debug|Any CPU.Build.0 = Debug|Any CPU
		{7FA86CC3-6B89-41A7-8B62-11A407B0B829}.Release|Any CPU.ActiveCfg = Release|Any CPU
		{7FA86CC3-6B89-41A7-8B62-11A407B0B829}.Release|Any CPU.Build.0 = Release|Any CPU
		{04C7C3F4-06BA-4D2C-903D-CFFF7DCB68AE}.Debug|Any CPU.ActiveCfg = Debug|Any CPU
		{04C7C3F4-06BA-4D2C-903D-CFFF7DCB68AE}.Debug|Any CPU.Build.0 = Debug|Any CPU
		{04C7C3F4-06BA-4D2C-903D-CFFF7DCB68AE}.Release|Any CPU.ActiveCfg = Release|Any CPU
		{04C7C3F4-06BA-4D2C-903D-CFFF7DCB68AE}.Release|Any CPU.Build.0 = Release|Any CPU
		{2EFFC57A-97B1-47D9-8EA3-10E66D43AFFE}.Debug|Any CPU.ActiveCfg = Debug|Any CPU
		{2EFFC57A-97B1-47D9-8EA3-10E66D43AFFE}.Debug|Any CPU.Build.0 = Debug|Any CPU
		{2EFFC57A-97B1-47D9-8EA3-10E66D43AFFE}.Release|Any CPU.ActiveCfg = Release|Any CPU
		{2EFFC57A-97B1-47D9-8EA3-10E66D43AFFE}.Release|Any CPU.Build.0 = Release|Any CPU
		{BB442E29-332C-4FDE-93D4-427B14C1F1E3}.Debug|Any CPU.ActiveCfg = Debug|Any CPU
		{BB442E29-332C-4FDE-93D4-427B14C1F1E3}.Debug|Any CPU.Build.0 = Debug|Any CPU
		{BB442E29-332C-4FDE-93D4-427B14C1F1E3}.Release|Any CPU.ActiveCfg = Release|Any CPU
		{BB442E29-332C-4FDE-93D4-427B14C1F1E3}.Release|Any CPU.Build.0 = Release|Any CPU
	EndGlobalSection
	GlobalSection(SolutionProperties) = preSolution
		HideSolutionNode = FALSE
	EndGlobalSection
	GlobalSection(ExtensibilityGlobals) = postSolution
		SolutionGuid = {69FBA61F-114A-4A91-B689-696DF40022AD}
	EndGlobalSection
EndGlobal
